
Microsoft Visual Studio Solution File, Format Version 12.00
# Visual Studio Version 17
VisualStudioVersion = 17.5.002.0
MinimumVisualStudioVersion = 10.0.40219.1
Project("{2150E333-8FDC-42A3-9474-1A3956D46DE8}") = "CsharpProjects", "CsharpProjects", "{3FDD8734-457C-4AA1-8028-5256B842047E}"
EndProject
Project("{9A19103F-16F7-4668-BE54-9A1E7A4F7556}") = "Fraud", "CsharpProjects\Fraud\Fraud.csproj", "{C9A05266-38DF-46E6-BDBF-149764AB000F}"
EndProject
Global
	GlobalSection(SolutionConfigurationPlatforms) = preSolution
		Debug|Any CPU = Debug|Any CPU
		Release|Any CPU = Release|Any CPU
	EndGlobalSection
	GlobalSection(ProjectConfigurationPlatforms) = postSolution
		{C9A05266-38DF-46E6-BDBF-149764AB000F}.Debug|Any CPU.ActiveCfg = Debug|Any CPU
		{C9A05266-38DF-46E6-BDBF-149764AB000F}.Debug|Any CPU.Build.0 = Debug|Any CPU
		{C9A05266-38DF-46E6-BDBF-149764AB000F}.Release|Any CPU.ActiveCfg = Release|Any CPU
		{C9A05266-38DF-46E6-BDBF-149764AB000F}.Release|Any CPU.Build.0 = Release|Any CPU
	EndGlobalSection
	GlobalSection(SolutionProperties) = preSolution
		HideSolutionNode = FALSE
	EndGlobalSection
	GlobalSection(NestedProjects) = preSolution
		{C9A05266-38DF-46E6-BDBF-149764AB000F} = {3FDD8734-457C-4AA1-8028-5256B842047E}
	EndGlobalSection
	GlobalSection(ExtensibilityGlobals) = postSolution
		SolutionGuid = {15C0D7C8-0F84-49AC-8814-D56BA2647454}
	EndGlobalSection
EndGlobal
