
Microsoft Visual Studio Solution File, Format Version 12.00
# Visual Studio Version 17
VisualStudioVersion = 17.5.002.0
MinimumVisualStudioVersion = 10.0.40219.1
Project("{2150E333-8FDC-42A3-9474-1A3956D46DE8}") = "CsharpProjects", "CsharpProjects", "{D836E4CF-D692-43CF-AECF-506F0AD9050C}"
EndProject
Project("{9A19103F-16F7-4668-BE54-9A1E7A4F7556}") = "TestProjec", "CsharpProjects\TestProjec\TestProjec.csproj", "{24A4BFF2-7B91-4D35-8310-739059330178}"
EndProject
Global
	GlobalSection(SolutionConfigurationPlatforms) = preSolution
		Debug|Any CPU = Debug|Any CPU
		Release|Any CPU = Release|Any CPU
	EndGlobalSection
	GlobalSection(ProjectConfigurationPlatforms) = postSolution
		{24A4BFF2-7B91-4D35-8310-739059330178}.Debug|Any CPU.ActiveCfg = Debug|Any CPU
		{24A4BFF2-7B91-4D35-8310-739059330178}.Debug|Any CPU.Build.0 = Debug|Any CPU
		{24A4BFF2-7B91-4D35-8310-739059330178}.Release|Any CPU.ActiveCfg = Release|Any CPU
		{24A4BFF2-7B91-4D35-8310-739059330178}.Release|Any CPU.Build.0 = Release|Any CPU
	EndGlobalSection
	GlobalSection(SolutionProperties) = preSolution
		HideSolutionNode = FALSE
	EndGlobalSection
	GlobalSection(NestedProjects) = preSolution
		{24A4BFF2-7B91-4D35-8310-739059330178} = {D836E4CF-D692-43CF-AECF-506F0AD9050C}
	EndGlobalSection
	GlobalSection(ExtensibilityGlobals) = postSolution
		SolutionGuid = {96014D99-8654-4056-B95F-AAF0B3D74FA7}
	EndGlobalSection
EndGlobal
