
Microsoft Visual Studio Solution File, Format Version 12.00
# Visual Studio Version 17
VisualStudioVersion = 17.5.002.0
MinimumVisualStudioVersion = 10.0.40219.1
Project("{2150E333-8FDC-42A3-9474-1A3956D46DE8}") = "CsharpProjects", "CsharpProjects", "{26291FEA-6105-41B9-843A-72C3AD5237A3}"
EndProject
Project("{9A19103F-16F7-4668-BE54-9A1E7A4F7556}") = "Arrays", "CsharpProjects\Arrays\Arrays.csproj", "{3E4852AB-D185-4C18-A48D-29BDF8F40794}"
EndProject
Global
	GlobalSection(SolutionConfigurationPlatforms) = preSolution
		Debug|Any CPU = Debug|Any CPU
		Release|Any CPU = Release|Any CPU
	EndGlobalSection
	GlobalSection(ProjectConfigurationPlatforms) = postSolution
		{3E4852AB-D185-4C18-A48D-29BDF8F40794}.Debug|Any CPU.ActiveCfg = Debug|Any CPU
		{3E4852AB-D185-4C18-A48D-29BDF8F40794}.Debug|Any CPU.Build.0 = Debug|Any CPU
		{3E4852AB-D185-4C18-A48D-29BDF8F40794}.Release|Any CPU.ActiveCfg = Release|Any CPU
		{3E4852AB-D185-4C18-A48D-29BDF8F40794}.Release|Any CPU.Build.0 = Release|Any CPU
	EndGlobalSection
	GlobalSection(SolutionProperties) = preSolution
		HideSolutionNode = FALSE
	EndGlobalSection
	GlobalSection(NestedProjects) = preSolution
		{3E4852AB-D185-4C18-A48D-29BDF8F40794} = {26291FEA-6105-41B9-843A-72C3AD5237A3}
	EndGlobalSection
	GlobalSection(ExtensibilityGlobals) = postSolution
		SolutionGuid = {30103390-B900-4018-9D2A-34751F1EBBF7}
	EndGlobalSection
EndGlobal
