
Microsoft Visual Studio Solution File, Format Version 12.00
# Visual Studio Version 17
VisualStudioVersion = 17.5.002.0
MinimumVisualStudioVersion = 10.0.40219.1
Project("{2150E333-8FDC-42A3-9474-1A3956D46DE8}") = "CsharpProjects", "CsharpProjects", "{8EB5A1B2-52FD-40EC-8611-6771BAB5A10C}"
EndProject
Project("{9A19103F-16F7-4668-BE54-9A1E7A4F7556}") = "TestProjec", "CsharpProjects\TestProjec\TestProjec.csproj", "{190D88F9-C25E-4D0B-A3A6-F90FA69644D5}"
EndProject
Global
	GlobalSection(SolutionConfigurationPlatforms) = preSolution
		Debug|Any CPU = Debug|Any CPU
		Release|Any CPU = Release|Any CPU
	EndGlobalSection
	GlobalSection(ProjectConfigurationPlatforms) = postSolution
		{190D88F9-C25E-4D0B-A3A6-F90FA69644D5}.Debug|Any CPU.ActiveCfg = Debug|Any CPU
		{190D88F9-C25E-4D0B-A3A6-F90FA69644D5}.Debug|Any CPU.Build.0 = Debug|Any CPU
		{190D88F9-C25E-4D0B-A3A6-F90FA69644D5}.Release|Any CPU.ActiveCfg = Release|Any CPU
		{190D88F9-C25E-4D0B-A3A6-F90FA69644D5}.Release|Any CPU.Build.0 = Release|Any CPU
	EndGlobalSection
	GlobalSection(SolutionProperties) = preSolution
		HideSolutionNode = FALSE
	EndGlobalSection
	GlobalSection(NestedProjects) = preSolution
		{190D88F9-C25E-4D0B-A3A6-F90FA69644D5} = {8EB5A1B2-52FD-40EC-8611-6771BAB5A10C}
	EndGlobalSection
	GlobalSection(ExtensibilityGlobals) = postSolution
		SolutionGuid = {8BA95522-1A7D-4ADD-9B4D-A71E5B7BD180}
	EndGlobalSection
EndGlobal
